
Microsoft Visual Studio Solution File, Format Version 12.00
# Visual Studio Version 17
VisualStudioVersion = 17.14.36121.58 d17.14
MinimumVisualStudioVersion = 10.0.40219.1
Project("{FAE04EC0-301F-11D3-BF4B-00C04F79EFBC}") = "BackendAPI", "BackendAPI\BackendAPI.csproj", "{399ECE93-A1BC-430E-BFDA-D6DBDCA0326D}"
EndProject
Global
	GlobalSection(SolutionConfigurationPlatforms) = preSolution
		Debug|Any CPU = Debug|Any CPU
		Release|Any CPU = Release|Any CPU
	EndGlobalSection
	GlobalSection(ProjectConfigurationPlatforms) = postSolution
		{399ECE93-A1BC-430E-BFDA-D6DBDCA0326D}.Debug|Any CPU.ActiveCfg = Debug|Any CPU
		{399ECE93-A1BC-430E-BFDA-D6DBDCA0326D}.Debug|Any CPU.Build.0 = Debug|Any CPU
		{399ECE93-A1BC-430E-BFDA-D6DBDCA0326D}.Release|Any CPU.ActiveCfg = Release|Any CPU
		{399ECE93-A1BC-430E-BFDA-D6DBDCA0326D}.Release|Any CPU.Build.0 = Release|Any CPU
	EndGlobalSection
	GlobalSection(SolutionProperties) = preSolution
		HideSolutionNode = FALSE
	EndGlobalSection
	GlobalSection(ExtensibilityGlobals) = postSolution
		SolutionGuid = {062C81A0-B2E9-494D-BB62-A03219DD589B}
	EndGlobalSection
EndGlobal
